// !$*UTF8*$!
{
	archiveVersion = 1;
	classes = {
	};
	objectVersion = 50;
	objects = {

/* Begin PBXBuildFile section */
		7C771AE0A1FFD579E06A7F4D /* Pods_newMyfamilyTree.framework in Frameworks */ = {isa = PBXBuildFile; fileRef = 465FD2D7D0FB795D5C8DA17E /* Pods_newMyfamilyTree.framework */; };
		CD5E568A216FD48B00E4D5C2 /* AppDelegate.swift in Sources */ = {isa = PBXBuildFile; fileRef = CD5E5689216FD48B00E4D5C2 /* AppDelegate.swift */; };
		CD5E568C216FD48B00E4D5C2 /* ViewController.swift in Sources */ = {isa = PBXBuildFile; fileRef = CD5E568B216FD48B00E4D5C2 /* ViewController.swift */; };
		CD5E568F216FD48B00E4D5C2 /* Main.storyboard in Resources */ = {isa = PBXBuildFile; fileRef = CD5E568D216FD48B00E4D5C2 /* Main.storyboard */; };
		CD5E5691216FD48E00E4D5C2 /* Assets.xcassets in Resources */ = {isa = PBXBuildFile; fileRef = CD5E5690216FD48E00E4D5C2 /* Assets.xcassets */; };
		CD5E5694216FD48E00E4D5C2 /* LaunchScreen.storyboard in Resources */ = {isa = PBXBuildFile; fileRef = CD5E5692216FD48E00E4D5C2 /* LaunchScreen.storyboard */; };
/* End PBXBuildFile section */

/* Begin PBXFileReference section */
		0A3FDEFBF82E7A94F1EAB37E /* Pods-newMyfamilyTree.debug.xcconfig */ = {isa = PBXFileReference; includeInIndex = 1; lastKnownFileType = text.xcconfig; name = "Pods-newMyfamilyTree.debug.xcconfig"; path = "Pods/Target Support Files/Pods-newMyfamilyTree/Pods-newMyfamilyTree.debug.xcconfig"; sourceTree = "<group>"; };
		227BCB491103500D2C2474B6 /* Pods-newMyfamilyTree.release.xcconfig */ = {isa = PBXFileReference; includeInIndex = 1; lastKnownFileType = text.xcconfig; name = "Pods-newMyfamilyTree.release.xcconfig"; path = "Pods/Target Support Files/Pods-newMyfamilyTree/Pods-newMyfamilyTree.release.xcconfig"; sourceTree = "<group>"; };
		465FD2D7D0FB795D5C8DA17E /* Pods_newMyfamilyTree.framework */ = {isa = PBXFileReference; explicitFileType = wrapper.framework; includeInIndex = 0; path = Pods_newMyfamilyTree.framework; sourceTree = BUILT_PRODUCTS_DIR; };
		CD5E5686216FD48B00E4D5C2 /* newMyfamilyTree.app */ = {isa = PBXFileReference; explicitFileType = wrapper.application; includeInIndex = 0; path = newMyfamilyTree.app; sourceTree = BUILT_PRODUCTS_DIR; };
		CD5E5689216FD48B00E4D5C2 /* AppDelegate.swift */ = {isa = PBXFileReference; lastKnownFileType = sourcecode.swift; path = AppDelegate.swift; sourceTree = "<group>"; };
		CD5E568B216FD48B00E4D5C2 /* ViewController.swift */ = {isa = PBXFileReference; lastKnownFileType = sourcecode.swift; path = ViewController.swift; sourceTree = "<group>"; };
		CD5E568E216FD48B00E4D5C2 /* Base */ = {isa = PBXFileReference; lastKnownFileType = file.storyboard; name = Base; path = Base.lproj/Main.storyboard; sourceTree = "<group>"; };
		CD5E5690216FD48E00E4D5C2 /* Assets.xcassets */ = {isa = PBXFileReference; lastKnownFileType = folder.assetcatalog; path = Assets.xcassets; sourceTree = "<group>"; };
		CD5E5693216FD48E00E4D5C2 /* Base */ = {isa = PBXFileReference; lastKnownFileType = file.storyboard; name = Base; path = Base.lproj/LaunchScreen.storyboard; sourceTree = "<group>"; };
		CD5E5695216FD48E00E4D5C2 /* Info.plist */ = {isa = PBXFileReference; lastKnownFileType = text.plist.xml; path = Info.plist; sourceTree = "<group>"; };
/* End PBXFileReference section */

/* Begin PBXFrameworksBuildPhase section */
		CD5E5683216FD48B00E4D5C2 /* Frameworks */ = {
			isa = PBXFrameworksBuildPhase;
			buildActionMask = 2147483647;
			files = (
				7C771AE0A1FFD579E06A7F4D /* Pods_newMyfamilyTree.framework in Frameworks */,
			);
			runOnlyForDeploymentPostprocessing = 0;
		};
/* End PBXFrameworksBuildPhase section */

/* Begin PBXGroup section */
		3863C96C874E920F3BEDEF79 /* Frameworks */ = {
			isa = PBXGroup;
			children = (
				465FD2D7D0FB795D5C8DA17E /* Pods_newMyfamilyTree.framework */,
			);
			name = Frameworks;
			sourceTree = "<group>";
		};
		86D15E2C8A743A12A0565925 /* Pods */ = {
			isa = PBXGroup;
			children = (
				0A3FDEFBF82E7A94F1EAB37E /* Pods-newMyfamilyTree.debug.xcconfig */,
				227BCB491103500D2C2474B6 /* Pods-newMyfamilyTree.release.xcconfig */,
			);
			name = Pods;
			sourceTree = "<group>";
		};
		CD5E567D216FD48B00E4D5C2 = {
			isa = PBXGroup;
			children = (
				CD5E5688216FD48B00E4D5C2 /* newMyfamilyTree */,
				CD5E5687216FD48B00E4D5C2 /* Products */,
				86D15E2C8A743A12A0565925 /* Pods */,
				3863C96C874E920F3BEDEF79 /* Frameworks */,
			);
			sourceTree = "<group>";
		};
		CD5E5687216FD48B00E4D5C2 /* Products */ = {
			isa = PBXGroup;
			children = (
				CD5E5686216FD48B00E4D5C2 /* newMyfamilyTree.app */,
			);
			name = Products;
			sourceTree = "<group>";
		};
		CD5E5688216FD48B00E4D5C2 /* newMyfamilyTree */ = {
			isa = PBXGroup;
			children = (
				CD5E5689216FD48B00E4D5C2 /* AppDelegate.swift */,
				CD5E568B216FD48B00E4D5C2 /* ViewController.swift */,
				CD5E568D216FD48B00E4D5C2 /* Main.storyboard */,
				CD5E5690216FD48E00E4D5C2 /* Assets.xcassets */,
				CD5E5692216FD48E00E4D5C2 /* LaunchScreen.storyboard */,
				CD5E5695216FD48E00E4D5C2 /* Info.plist */,
			);
			path = newMyfamilyTree;
			sourceTree = "<group>";
		};
/* End PBXGroup section */

/* Begin PBXNativeTarget section */
		CD5E5685216FD48B00E4D5C2 /* newMyfamilyTree */ = {
			isa = PBXNativeTarget;
			buildConfigurationList = CD5E5698216FD48E00E4D5C2 /* Build configuration list for PBXNativeTarget "newMyfamilyTree" */;
			buildPhases = (
				C07E19F2221DE3EA20AE695B /* [CP] Check Pods Manifest.lock */,
				CD5E5682216FD48B00E4D5C2 /* Sources */,
				CD5E5683216FD48B00E4D5C2 /* Frameworks */,
				CD5E5684216FD48B00E4D5C2 /* Resources */,
				DBFD8A30AE96C74513EF9F8F /* [CP] Embed Pods Frameworks */,
			);
			buildRules = (
			);
			dependencies = (
			);
			name = newMyfamilyTree;
			productName = newMyfamilyTree;
			productReference = CD5E5686216FD48B00E4D5C2 /* newMyfamilyTree.app */;
			productType = "com.apple.product-type.application";
		};
/* End PBXNativeTarget section */

/* Begin PBXProject section */
		CD5E567E216FD48B00E4D5C2 /* Project object */ = {
			isa = PBXProject;
			attributes = {
				LastSwiftUpdateCheck = 1000;
				LastUpgradeCheck = 1000;
				ORGANIZATIONNAME = "Ramesh H";
				TargetAttributes = {
					CD5E5685216FD48B00E4D5C2 = {
						CreatedOnToolsVersion = 10.0;
					};
				};
			};
			buildConfigurationList = CD5E5681216FD48B00E4D5C2 /* Build configuration list for PBXProject "newMyfamilyTree" */;
			compatibilityVersion = "Xcode 9.3";
			developmentRegion = en;
			hasScannedForEncodings = 0;
			knownRegions = (
				en,
				Base,
			);
			mainGroup = CD5E567D216FD48B00E4D5C2;
			productRefGroup = CD5E5687216FD48B00E4D5C2 /* Products */;
			projectDirPath = "";
			projectRoot = "";
			targets = (
				CD5E5685216FD48B00E4D5C2 /* newMyfamilyTree */,
			);
		};
/* End PBXProject section */

/* Begin PBXResourcesBuildPhase section */
		CD5E5684216FD48B00E4D5C2 /* Resources */ = {
			isa = PBXResourcesBuildPhase;
			buildActionMask = 2147483647;
			files = (
				CD5E5694216FD48E00E4D5C2 /* LaunchScreen.storyboard in Resources */,
				CD5E5691216FD48E00E4D5C2 /* Assets.xcassets in Resources */,
				CD5E568F216FD48B00E4D5C2 /* Main.storyboard in Resources */,
			);
			runOnlyForDeploymentPostprocessing = 0;
		};
/* End PBXResourcesBuildPhase section */

/* Begin PBXShellScriptBuildPhase section */
		C07E19F2221DE3EA20AE695B /* [CP] Check Pods Manifest.lock */ = {
			isa = PBXShellScriptBuildPhase;
			buildActionMask = 2147483647;
			files = (
			);
			inputFileListPaths = (
			);
			inputPaths = (
				"${PODS_PODFILE_DIR_PATH}/Podfile.lock",
				"${PODS_ROOT}/Manifest.lock",
			);
			name = "[CP] Check Pods Manifest.lock";
			outputFileListPaths = (
			);
			outputPaths = (
				"$(DERIVED_FILE_DIR)/Pods-newMyfamilyTree-checkManifestLockResult.txt",
			);
			runOnlyForDeploymentPostprocessing = 0;
			shellPath = /bin/sh;
			shellScript = "diff \"${PODS_PODFILE_DIR_PATH}/Podfile.lock\" \"${PODS_ROOT}/Manifest.lock\" > /dev/null\nif [ $? != 0 ] ; then\n    # print error to STDERR\n    echo \"error: The sandbox is not in sync with the Podfile.lock. Run 'pod install' or update your CocoaPods installation.\" >&2\n    exit 1\nfi\n# This output is used by Xcode 'outputs' to avoid re-running this script phase.\necho \"SUCCESS\" > \"${SCRIPT_OUTPUT_FILE_0}\"\n";
			showEnvVarsInLog = 0;
		};
		DBFD8A30AE96C74513EF9F8F /* [CP] Embed Pods Frameworks */ = {
			isa = PBXShellScriptBuildPhase;
			buildActionMask = 2147483647;
			files = (
			);
			inputFileListPaths = (
			);
			inputPaths = (
				"${SRCROOT}/Pods/Target Support Files/Pods-newMyfamilyTree/Pods-newMyfamilyTree-frameworks.sh",
				"${BUILT_PRODUCTS_DIR}/Realm/Realm.framework",
				"${BUILT_PRODUCTS_DIR}/RealmSwift/RealmSwift.framework",
			);
			name = "[CP] Embed Pods Frameworks";
			outputFileListPaths = (
			);
			outputPaths = (
				"${TARGET_BUILD_DIR}/${FRAMEWORKS_FOLDER_PATH}/Realm.framework",
				"${TARGET_BUILD_DIR}/${FRAMEWORKS_FOLDER_PATH}/RealmSwift.framework",
			);
			runOnlyForDeploymentPostprocessing = 0;
			shellPath = /bin/sh;
			shellScript = "\"${SRCROOT}/Pods/Target Support Files/Pods-newMyfamilyTree/Pods-newMyfamilyTree-frameworks.sh\"\n";
			showEnvVarsInLog = 0;
		};
/* End PBXShellScriptBuildPhase section */

/* Begin PBXSourcesBuildPhase section */
		CD5E5682216FD48B00E4D5C2 /* Sources */ = {
			isa = PBXSourcesBuildPhase;
			buildActionMask = 2147483647;
			files = (
				CD5E568C216FD48B00E4D5C2 /* ViewController.swift in Sources */,
				CD5E568A216FD48B00E4D5C2 /* AppDelegate.swift in Sources */,
			);
			runOnlyForDeploymentPostprocessing = 0;
		};
/* End PBXSourcesBuildPhase section */

/* Begin PBXVariantGroup section */
		CD5E568D216FD48B00E4D5C2 /* Main.storyboard */ = {
			isa = PBXVariantGroup;
			children = (
				CD5E568E216FD48B00E4D5C2 /* Base */,
			);
			name = Main.storyboard;
			sourceTree = "<group>";
		};
		CD5E5692216FD48E00E4D5C2 /* LaunchScreen.storyboard */ = {
			isa = PBXVariantGroup;
			children = (
				CD5E5693216FD48E00E4D5C2 /* Base */,
			);
			name = LaunchScreen.storyboard;
			sourceTree = "<group>";
		};
/* End PBXVariantGroup section */

/* Begin XCBuildConfiguration section */
		CD5E5696216FD48E00E4D5C2 /* Debug */ = {
			isa = XCBuildConfiguration;
			buildSettings = {
				ALWAYS_SEARCH_USER_PATHS = NO;
				CLANG_ANALYZER_NONNULL = YES;
				CLANG_ANALYZER_NUMBER_OBJECT_CONVERSION = YES_AGGRESSIVE;
				CLANG_CXX_LANGUAGE_STANDARD = "gnu++14";
				CLANG_CXX_LIBRARY = "libc++";
				CLANG_ENABLE_MODULES = YES;
				CLANG_ENABLE_OBJC_ARC = YES;
				CLANG_ENABLE_OBJC_WEAK = YES;
				CLANG_WARN_BLOCK_CAPTURE_AUTORELEASING = YES;
				CLANG_WARN_BOOL_CONVERSION = YES;
				CLANG_WARN_COMMA = YES;
				CLANG_WARN_CONSTANT_CONVERSION = YES;
				CLANG_WARN_DEPRECATED_OBJC_IMPLEMENTATIONS = YES;
				CLANG_WARN_DIRECT_OBJC_ISA_USAGE = YES_ERROR;
				CLANG_WARN_DOCUMENTATION_COMMENTS = YES;
				CLANG_WARN_EMPTY_BODY = YES;
				CLANG_WARN_ENUM_CONVERSION = YES;
				CLANG_WARN_INFINITE_RECURSION = YES;
				CLANG_WARN_INT_CONVERSION = YES;
				CLANG_WARN_NON_LITERAL_NULL_CONVERSION = YES;
				CLANG_WARN_OBJC_IMPLICIT_RETAIN_SELF = YES;
				CLANG_WARN_OBJC_LITERAL_CONVERSION = YES;
				CLANG_WARN_OBJC_ROOT_CLASS = YES_ERROR;
				CLANG_WARN_RANGE_LOOP_ANALYSIS = YES;
				CLANG_WARN_STRICT_PROTOTYPES = YES;
				CLANG_WARN_SUSPICIOUS_MOVE = YES;
				CLANG_WARN_UNGUARDED_AVAILABILITY = YES_AGGRESSIVE;
				CLANG_WARN_UNREACHABLE_CODE = YES;
				CLANG_WARN__DUPLICATE_METHOD_MATCH = YES;
				CODE_SIGN_IDENTITY = "iPhone Developer";
				COPY_PHASE_STRIP = NO;
				DEBUG_INFORMATION_FORMAT = dwarf;
				ENABLE_STRICT_OBJC_MSGSEND = YES;
				ENABLE_TESTABILITY = YES;
				GCC_C_LANGUAGE_STANDARD = gnu11;
				GCC_DYNAMIC_NO_PIC = NO;
				GCC_NO_COMMON_BLOCKS = YES;
				GCC_OPTIMIZATION_LEVEL = 0;
				GCC_PREPROCESSOR_DEFINITIONS = (
					"DEBUG=1",
					"$(inherited)",
				);
				GCC_WARN_64_TO_32_BIT_CONVERSION = YES;
				GCC_WARN_ABOUT_RETURN_TYPE = YES_ERROR;
				GCC_WARN_UNDECLARED_SELECTOR = YES;
				GCC_WARN_UNINITIALIZED_AUTOS = YES_AGGRESSIVE;
				GCC_WARN_UNUSED_FUNCTION = YES;
				GCC_WARN_UNUSED_VARIABLE = YES;
				IPHONEOS_DEPLOYMENT_TARGET = 12.0;
				MTL_ENABLE_DEBUG_INFO = INCLUDE_SOURCE;
				MTL_FAST_MATH = YES;
				ONLY_ACTIVE_ARCH = YES;
				SDKROOT = iphoneos;
				SWIFT_ACTIVE_COMPILATION_CONDITIONS = DEBUG;
				SWIFT_OPTIMIZATION_LEVEL = "-Onone";
			};
			name = Debug;
		};
		CD5E5697216FD48E00E4D5C2 /* Release */ = {
			isa = XCBuildConfiguration;
			buildSettings = {
				ALWAYS_SEARCH_USER_PATHS = NO;
				CLANG_ANALYZER_NONNULL = YES;
				CLANG_ANALYZER_NUMBER_OBJECT_CONVERSION = YES_AGGRESSIVE;
				CLANG_CXX_LANGUAGE_STANDARD = "gnu++14";
				CLANG_CXX_LIBRARY = "libc++";
				CLANG_ENABLE_MODULES = YES;
				CLANG_ENABLE_OBJC_ARC = YES;
				CLANG_ENABLE_OBJC_WEAK = YES;
				CLANG_WARN_BLOCK_CAPTURE_AUTORELEASING = YES;
				CLANG_WARN_BOOL_CONVERSION = YES;
				CLANG_WARN_COMMA = YES;
				CLANG_WARN_CONSTANT_CONVERSION = YES;
				CLANG_WARN_DEPRECATED_OBJC_IMPLEMENTATIONS = YES;
				CLANG_WARN_DIRECT_OBJC_ISA_USAGE = YES_ERROR;
				CLANG_WARN_DOCUMENTATION_COMMENTS = YES;
				CLANG_WARN_EMPTY_BODY = YES;
				CLANG_WARN_ENUM_CONVERSION = YES;
				CLANG_WARN_INFINITE_RECURSION = YES;
				CLANG_WARN_INT_CONVERSION = YES;
				CLANG_WARN_NON_LITERAL_NULL_CONVERSION = YES;
				CLANG_WARN_OBJC_IMPLICIT_RETAIN_SELF = YES;
				CLANG_WARN_OBJC_LITERAL_CONVERSION = YES;
				CLANG_WARN_OBJC_ROOT_CLASS = YES_ERROR;
				CLANG_WARN_RANGE_LOOP_ANALYSIS = YES;
				CLANG_WARN_STRICT_PROTOTYPES = YES;
				CLANG_WARN_SUSPICIOUS_MOVE = YES;
				CLANG_WARN_UNGUARDED_AVAILABILITY = YES_AGGRESSIVE;
				CLANG_WARN_UNREACHABLE_CODE = YES;
				CLANG_WARN__DUPLICATE_METHOD_MATCH = YES;
				CODE_SIGN_IDENTITY = "iPhone Developer";
				COPY_PHASE_STRIP = NO;
				DEBUG_INFORMATION_FORMAT = "dwarf-with-dsym";
				ENABLE_NS_ASSERTIONS = NO;
				ENABLE_STRICT_OBJC_MSGSEND = YES;
				GCC_C_LANGUAGE_STANDARD = gnu11;
				GCC_NO_COMMON_BLOCKS = YES;
				GCC_WARN_64_TO_32_BIT_CONVERSION = YES;
				GCC_WARN_ABOUT_RETURN_TYPE = YES_ERROR;
				GCC_WARN_UNDECLARED_SELECTOR = YES;
				GCC_WARN_UNINITIALIZED_AUTOS = YES_AGGRESSIVE;
				GCC_WARN_UNUSED_FUNCTION = YES;
				GCC_WARN_UNUSED_VARIABLE = YES;
				IPHONEOS_DEPLOYMENT_TARGET = 12.0;
				MTL_ENABLE_DEBUG_INFO = NO;
				MTL_FAST_MATH = YES;
				SDKROOT = iphoneos;
				SWIFT_COMPILATION_MODE = wholemodule;
				SWIFT_OPTIMIZATION_LEVEL = "-O";
				VALIDATE_PRODUCT = YES;
			};
			name = Release;
		};
		CD5E5699216FD48E00E4D5C2 /* Debug */ = {
			isa = XCBuildConfiguration;
			baseConfigurationReference = 0A3FDEFBF82E7A94F1EAB37E /* Pods-newMyfamilyTree.debug.xcconfig */;
			buildSettings = {
				ASSETCATALOG_COMPILER_APPICON_NAME = AppIcon;
				CODE_SIGN_STYLE = Automatic;
				DEVELOPMENT_TEAM = 7ETSZJC9TE;
				INFOPLIST_FILE = newMyfamilyTree/Info.plist;
				LD_RUNPATH_SEARCH_PATHS = (
					"$(inherited)",
					"@executable_path/Frameworks",
				);
				PRODUCT_BUNDLE_IDENTIFIER = pwdeng.com.newMyfamilyTree;
				PRODUCT_NAME = "$(TARGET_NAME)";
				SWIFT_VERSION = 4.2;
				TARGETED_DEVICE_FAMILY = "1,2";
			};
			name = Debug;
		};
		CD5E569A216FD48E00E4D5C2 /* Release */ = {
			isa = XCBuildConfiguration;
			baseConfigurationReference = 227BCB491103500D2C2474B6 /* Pods-newMyfamilyTree.release.xcconfig */;
			buildSettings = {
				ASSETCATALOG_COMPILER_APPICON_NAME = AppIcon;
				CODE_SIGN_STYLE = Automatic;
				DEVELOPMENT_TEAM = 7ETSZJC9TE;
				INFOPLIST_FILE = newMyfamilyTree/Info.plist;
				LD_RUNPATH_SEARCH_PATHS = (
					"$(inherited)",
					"@executable_path/Frameworks",
				);
				PRODUCT_BUNDLE_IDENTIFIER = pwdeng.com.newMyfamilyTree;
				PRODUCT_NAME = "$(TARGET_NAME)";
				SWIFT_VERSION = 4.2;
				TARGETED_DEVICE_FAMILY = "1,2";
			};
			name = Release;
		};
/* End XCBuildConfiguration section */

/* Begin XCConfigurationList section */
		CD5E5681216FD48B00E4D5C2 /* Build configuration list for PBXProject "newMyfamilyTree" */ = {
			isa = XCConfigurationList;
			buildConfigurations = (
				CD5E5696216FD48E00E4D5C2 /* Debug */,
				CD5E5697216FD48E00E4D5C2 /* Release */,
			);
			defaultConfigurationIsVisible = 0;
			defaultConfigurationName = Release;
		};
		CD5E5698216FD48E00E4D5C2 /* Build configuration list for PBXNativeTarget "newMyfamilyTree" */ = {
			isa = XCConfigurationList;
			buildConfigurations = (
				CD5E5699216FD48E00E4D5C2 /* Debug */,
				CD5E569A216FD48E00E4D5C2 /* Release */,
			);
			defaultConfigurationIsVisible = 0;
			defaultConfigurationName = Release;
		};
/* End XCConfigurationList section */
	};
	rootObject = CD5E567E216FD48B00E4D5C2 /* Project object */;
}
